{
    "_readme": [
        "This file locks the dependencies of your project to a known state",
        "Read more about it at https://getcomposer.org/doc/01-basic-usage.md#installing-dependencies",
        "This file is @generated automatically"
    ],
    "content-hash": "00d8daf702b943f2240a2056ef76e55f",
    "packages": [
        {
            "name": "league/csv",
            "version": "9.15.0",
            "source": {
                "type": "git",
                "url": "https://github.com/thephpleague/csv.git",
                "reference": "fa7e2441c0bc9b2360f4314fd6c954f7ff40d435"
            },
            "dist": {
                "type": "zip",
                "url": "https://api.github.com/repos/thephpleague/csv/zipball/fa7e2441c0bc9b2360f4314fd6c954f7ff40d435",
                "reference": "fa7e2441c0bc9b2360f4314fd6c954f7ff40d435",
                "shasum": ""
            },
            "require": {
                "ext-filter": "*",
                "ext-json": "*",
                "ext-mbstring": "*",
                "php": "^8.1.2"
            },
            "require-dev": {
                "doctrine/collections": "^2.1.4",
                "ext-dom": "*",
                "ext-xdebug": "*",
                "friendsofphp/php-cs-fixer": "^v3.22.0",
                "phpbench/phpbench": "^1.2.15",
                "phpstan/phpstan": "^1.10.57",
                "phpstan/phpstan-deprecation-rules": "^1.1.4",
                "phpstan/phpstan-phpunit": "^1.3.15",
                "phpstan/phpstan-strict-rules": "^1.5.2",
                "phpunit/phpunit": "^10.5.9",
                "symfony/var-dumper": "^6.4.2"
            },
            "suggest": {
                "ext-dom": "Required to use the XMLConverter and the HTMLConverter classes",
                "ext-iconv": "Needed to ease transcoding CSV using iconv stream filters"
            },
            "type": "library",
            "extra": {
                "branch-alias": {
                    "dev-master": "9.x-dev"
                }
            },
            "autoload": {
                "files": [
                    "src/functions_include.php"
                ],
                "psr-4": {
                    "League\\Csv\\": "src"
                }
            },
            "notification-url": "https://packagist.org/downloads/",
            "license": [
                "MIT"
            ],
            "authors": [
                {
                    "name": "Ignace Nyamagana Butera",
                    "email": "nyamsprod@gmail.com",
                    "homepage": "https://github.com/nyamsprod/",
                    "role": "Developer"
                }
            ],
            "description": "CSV data manipulation made easy in PHP",
            "homepage": "https://csv.thephpleague.com",
            "keywords": [
                "convert",
                "csv",
                "export",
                "filter",
                "import",
                "read",
                "transform",
                "write"
            ],
            "support": {
                "docs": "https://csv.thephpleague.com",
                "issues": "https://github.com/thephpleague/csv/issues",
                "rss": "https://github.com/thephpleague/csv/releases.atom",
                "source": "https://github.com/thephpleague/csv"
            },
            "funding": [
                {
                    "url": "https://github.com/sponsors/nyamsprod",
                    "type": "github"
                }
            ],
            "time": "2024-02-20T20:00:00+00:00"
        },
        {
            "name": "minwork/array",
            "version": "v1.13.5",
            "source": {
                "type": "git",
                "url": "https://github.com/minwork/array.git",
                "reference": "ccb3f84d10b2ccd327e0196e374edd12aacfe74c"
            },
            "dist": {
                "type": "zip",
                "url": "https://api.github.com/repos/minwork/array/zipball/ccb3f84d10b2ccd327e0196e374edd12aacfe74c",
                "reference": "ccb3f84d10b2ccd327e0196e374edd12aacfe74c",
                "shasum": ""
            },
            "require": {
                "php": ">=7.1"
            },
            "require-dev": {
                "php-coveralls/php-coveralls": "^2.1",
                "phpunit/phpunit": "^7.0"
            },
            "type": "library",
            "autoload": {
                "psr-4": {
                    "Minwork\\Helper\\": "src/"
                }
            },
            "notification-url": "https://packagist.org/downloads/",
            "license": [
                "MIT"
            ],
            "authors": [
                {
                    "name": "Christopher Kalkhoff",
                    "email": "krzysztof.kalkhoff@gmail.com",
                    "role": "Founder"
                }
            ],
            "description": "Pack of advanced array functions specifically tailored for: associative (assoc) array, multidimensional array, array of objects and handling nested array elements",
            "keywords": [
                "Associative",
                "array",
                "arrays",
                "assoc",
                "helper",
                "multidimensional",
                "objects",
                "php 7"
            ],
            "support": {
                "issues": "https://github.com/minwork/array/issues",
                "source": "https://github.com/minwork/array/tree/v1.13.5"
            },
            "time": "2020-10-04T22:20:56+00:00"
        },
        {
            "name": "select2/select2",
            "version": "4.0.13",
            "source": {
                "type": "git",
                "url": "https://github.com/select2/select2.git",
                "reference": "45f2b83ceed5231afa7b3d5b12b58ad335edd82e"
            },
            "dist": {
                "type": "zip",
                "url": "https://api.github.com/repos/select2/select2/zipball/45f2b83ceed5231afa7b3d5b12b58ad335edd82e",
                "reference": "45f2b83ceed5231afa7b3d5b12b58ad335edd82e",
                "shasum": ""
            },
            "type": "component",
            "extra": {
                "component": {
                    "files": [
                        "dist/js/select2.js",
                        "dist/js/i18n/*.js",
                        "dist/css/select2.css"
                    ],
                    "styles": [
                        "dist/css/select2.css"
                    ],
                    "scripts": [
                        "dist/js/select2.js"
                    ]
                }
            },
            "notification-url": "https://packagist.org/downloads/",
            "license": [
                "MIT"
            ],
            "description": "Select2 is a jQuery based replacement for select boxes.",
            "homepage": "https://select2.org/",
            "support": {
                "issues": "https://github.com/select2/select2/issues",
                "source": "https://github.com/select2/select2/tree/4.0.13"
            },
            "time": "2020-01-28T05:01:22+00:00"
        },
        {
            "name": "spatie/array-to-xml",
            "version": "3.2.3",
            "source": {
                "type": "git",
                "url": "https://github.com/spatie/array-to-xml.git",
                "reference": "c95fd4db94ec199f798d4b5b4a81757bd20d88ab"
            },
            "dist": {
                "type": "zip",
                "url": "https://api.github.com/repos/spatie/array-to-xml/zipball/c95fd4db94ec199f798d4b5b4a81757bd20d88ab",
                "reference": "c95fd4db94ec199f798d4b5b4a81757bd20d88ab",
                "shasum": ""
            },
            "require": {
                "ext-dom": "*",
                "php": "^8.0"
            },
            "require-dev": {
                "mockery/mockery": "^1.2",
                "pestphp/pest": "^1.21",
                "spatie/pest-plugin-snapshots": "^1.1"
            },
            "type": "library",
            "autoload": {
                "psr-4": {
                    "Spatie\\ArrayToXml\\": "src"
                }
            },
            "notification-url": "https://packagist.org/downloads/",
            "license": [
                "MIT"
            ],
            "authors": [
                {
                    "name": "Freek Van der Herten",
                    "email": "freek@spatie.be",
                    "homepage": "https://freek.dev",
                    "role": "Developer"
                }
            ],
            "description": "Convert an array to xml",
            "homepage": "https://github.com/spatie/array-to-xml",
            "keywords": [
                "array",
                "convert",
                "xml"
            ],
            "support": {
                "source": "https://github.com/spatie/array-to-xml/tree/3.2.3"
            },
            "funding": [
                {
                    "url": "https://spatie.be/open-source/support-us",
                    "type": "custom"
                },
                {
                    "url": "https://github.com/spatie",
                    "type": "github"
                }
            ],
            "time": "2024-02-07T10:39:02+00:00"
        }
    ],
    "packages-dev": [],
    "aliases": [],
    "minimum-stability": "stable",
    "stability-flags": {},
    "prefer-stable": false,
    "prefer-lowest": false,
    "platform": {},
    "platform-dev": {},
    "plugin-api-version": "2.6.0"
}
